
Microsoft Visual Studio Solution File, Format Version 12.00
# Visual Studio 14
VisualStudioVersion = 14.0.25420.1
MinimumVisualStudioVersion = 10.0.40219.1
Project("{F5034706-568F-408A-B7B3-4D38C6DB8A32}") = "PowerShell Tools", "PR\PowerShell Tools.pssproj", "{6CAFC0C6-A428-4D30-A9F9-700E829FEA51}"
EndProject
Project("{F5034706-568F-408A-B7B3-4D38C6DB8A32}") = "Azure", "Azure\Azure.pssproj", "{307129C9-B709-4A1F-B603-F19D2A3DD2FF}"
EndProject
Project("{FAE04EC0-301F-11D3-BF4B-00C04F79EFBC}") = "DeploymentSlotDemo", "DeploymentSlotDemo\DeploymentSlotDemo.csproj", "{0A25605D-48C0-438C-9026-5E7729D4AEE4}"
EndProject
Project("{FAE04EC0-301F-11D3-BF4B-00C04F79EFBC}") = "DeploymentSlotDemov2", "DeploymentSlotDemoV2\DeploymentSlotDemov2.csproj", "{4FCB39EC-AB69-4C0E-B998-32369D3E9F9E}"
EndProject
Global
	GlobalSection(SolutionConfigurationPlatforms) = preSolution
		Debug|Any CPU = Debug|Any CPU
		Release|Any CPU = Release|Any CPU
	EndGlobalSection
	GlobalSection(ProjectConfigurationPlatforms) = postSolution
		{6CAFC0C6-A428-4D30-A9F9-700E829FEA51}.Debug|Any CPU.ActiveCfg = Debug|Any CPU
		{6CAFC0C6-A428-4D30-A9F9-700E829FEA51}.Debug|Any CPU.Build.0 = Debug|Any CPU
		{6CAFC0C6-A428-4D30-A9F9-700E829FEA51}.Release|Any CPU.ActiveCfg = Release|Any CPU
		{6CAFC0C6-A428-4D30-A9F9-700E829FEA51}.Release|Any CPU.Build.0 = Release|Any CPU
		{307129C9-B709-4A1F-B603-F19D2A3DD2FF}.Debug|Any CPU.ActiveCfg = Debug|Any CPU
		{307129C9-B709-4A1F-B603-F19D2A3DD2FF}.Debug|Any CPU.Build.0 = Debug|Any CPU
		{307129C9-B709-4A1F-B603-F19D2A3DD2FF}.Release|Any CPU.ActiveCfg = Release|Any CPU
		{307129C9-B709-4A1F-B603-F19D2A3DD2FF}.Release|Any CPU.Build.0 = Release|Any CPU
		{0A25605D-48C0-438C-9026-5E7729D4AEE4}.Debug|Any CPU.ActiveCfg = Debug|Any CPU
		{0A25605D-48C0-438C-9026-5E7729D4AEE4}.Debug|Any CPU.Build.0 = Debug|Any CPU
		{0A25605D-48C0-438C-9026-5E7729D4AEE4}.Release|Any CPU.ActiveCfg = Release|Any CPU
		{0A25605D-48C0-438C-9026-5E7729D4AEE4}.Release|Any CPU.Build.0 = Release|Any CPU
		{4FCB39EC-AB69-4C0E-B998-32369D3E9F9E}.Debug|Any CPU.ActiveCfg = Debug|Any CPU
		{4FCB39EC-AB69-4C0E-B998-32369D3E9F9E}.Debug|Any CPU.Build.0 = Debug|Any CPU
		{4FCB39EC-AB69-4C0E-B998-32369D3E9F9E}.Release|Any CPU.ActiveCfg = Release|Any CPU
		{4FCB39EC-AB69-4C0E-B998-32369D3E9F9E}.Release|Any CPU.Build.0 = Release|Any CPU
	EndGlobalSection
	GlobalSection(SolutionProperties) = preSolution
		HideSolutionNode = FALSE
	EndGlobalSection
EndGlobal
